
Microsoft Visual Studio Solution File, Format Version 12.00
# Visual Studio Version 17
VisualStudioVersion = 17.11.35327.3
MinimumVisualStudioVersion = 10.0.40219.1
Project("{FAE04EC0-301F-11D3-BF4B-00C04F79EFBC}") = "HernandezMargot_API_M", "HernandezMargot_API_M\HernandezMargot_API_M.csproj", "{BB4250E9-18D3-465C-9F2B-DAD6150F9F7C}"
EndProject
Global
	GlobalSection(SolutionConfigurationPlatforms) = preSolution
		Debug|Any CPU = Debug|Any CPU
		Release|Any CPU = Release|Any CPU
	EndGlobalSection
	GlobalSection(ProjectConfigurationPlatforms) = postSolution
		{BB4250E9-18D3-465C-9F2B-DAD6150F9F7C}.Debug|Any CPU.ActiveCfg = Debug|Any CPU
		{BB4250E9-18D3-465C-9F2B-DAD6150F9F7C}.Debug|Any CPU.Build.0 = Debug|Any CPU
		{BB4250E9-18D3-465C-9F2B-DAD6150F9F7C}.Release|Any CPU.ActiveCfg = Release|Any CPU
		{BB4250E9-18D3-465C-9F2B-DAD6150F9F7C}.Release|Any CPU.Build.0 = Release|Any CPU
	EndGlobalSection
	GlobalSection(SolutionProperties) = preSolution
		HideSolutionNode = FALSE
	EndGlobalSection
	GlobalSection(ExtensibilityGlobals) = postSolution
		SolutionGuid = {5493866A-3906-447D-ACD1-C0B092679130}
	EndGlobalSection
EndGlobal
